// !$*UTF8*$!
{
	archiveVersion = 1;
	classes = {
	};
	objectVersion = 77;
	objects = {

/* Begin PBXBuildFile section */
		723K0K0JPQ3POOE5MSGUQOGU /* Models/SuggestionsViewModel.swift in Sources */ = {isa = PBXBuildFile; fileRef = YBDTVRVHQQ0K1RDS1B7C5HCT /* Models/SuggestionsViewModel.swift */; };
		C300DCEF2ECC5238009BB228 /* KeyboardKit in Frameworks */ = {isa = PBXBuildFile; productRef = C300DCEE2ECC5238009BB228 /* KeyboardKit */; };
		C300DD4B2ECC5521009BB228 /* KeyboardKit in Frameworks */ = {isa = PBXBuildFile; productRef = C300DD4A2ECC5521009BB228 /* KeyboardKit */; };
		C31B11DA2EE97939009DF674 /* Views/TonePickerView.swift in Sources */ = {isa = PBXBuildFile; fileRef = T9NEPICKERVIEWSWIFT002 /* Views/TonePickerView.swift */; };
		C31B11DB2EE9794E009DF674 /* Views/LengthPickerView.swift in Sources */ = {isa = PBXBuildFile; fileRef = L9NEPICKERVIEWSWIFT002 /* Views/LengthPickerView.swift */; };
		C39A57002EC1A2AB00389BE5 /* Alamofire in Frameworks */ = {isa = PBXBuildFile; productRef = C39A57012EC1A2AB00389BE5 /* Alamofire */; };
		C39A57022EC1A8F200389BE5 /* FirebaseAnalytics in Frameworks */ = {isa = PBXBuildFile; productRef = C39A57082EC1A8F200389BE5 /* FirebaseAnalytics */; };
		C39A57042EC1A8F200389BE5 /* SwiftyJSON in Frameworks */ = {isa = PBXBuildFile; productRef = C39A570A2EC1A8F200389BE5 /* SwiftyJSON */; };
		C39A57052EC1A8F200389BE5 /* OpenAI in Frameworks */ = {isa = PBXBuildFile; productRef = C39A570B2EC1A8F200389BE5 /* OpenAI */; };
		C39A57062EC1A8F200389BE5 /* Lottie in Frameworks */ = {isa = PBXBuildFile; productRef = C39A570C2EC1A8F200389BE5 /* Lottie */; };
		C39A57072EC1A8F200389BE5 /* Kingfisher in Frameworks */ = {isa = PBXBuildFile; productRef = C39A570D2EC1A8F200389BE5 /* Kingfisher */; };
		C39A580A2F1C000100389BE5 /* SocialWandKeyboard.appex in Embed App Extensions */ = {isa = PBXBuildFile; fileRef = C39A58012F1C000100389BE5 /* SocialWandKeyboard.appex */; settings = {ATTRIBUTES = (RemoveHeadersOnCopy, ); }; };
		C39A580B2F1C000100389BE5 /* KeyboardViewController.swift in Sources */ = {isa = PBXBuildFile; fileRef = C39A58032F1C000100389BE5 /* KeyboardViewController.swift */; };
		C39A58132F1C0C7B00389BE5 /* Settings.bundle in Resources */ = {isa = PBXBuildFile; fileRef = C39A58122F1C0C7B00389BE5 /* Settings.bundle */; };
		C3FED57D2EEC1F270006E37F /* ClipboardManager.swift in Sources */ = {isa = PBXBuildFile; fileRef = C3FED57C2EEC1F270006E37F /* ClipboardManager.swift */; };
		C3FED57F2EEC1F3E0006E37F /* ClipboardHistoryView.swift in Sources */ = {isa = PBXBuildFile; fileRef = C3FED57E2EEC1F3E0006E37F /* ClipboardHistoryView.swift */; };
		C3WAND0012ECC6789009BB228 /* WandToolbar.swift in Sources */ = {isa = PBXBuildFile; fileRef = C3WAND0022ECC6789009BB228 /* WandToolbar.swift */; };
		C3WAND0032ECC6789009BB228 /* WandIcon.swift in Sources */ = {isa = PBXBuildFile; fileRef = C3WAND0042ECC6789009BB228 /* WandIcon.swift */; };
		E9RRORBANNERVIEWSWIFT001 /* Views/ErrorBannerView.swift in Sources */ = {isa = PBXBuildFile; fileRef = E9RRORBANNERVIEWSWIFT002 /* Views/ErrorBannerView.swift */; };
		L9NEPICKERVIEWSWIFT001 /* Views/LengthPickerView.swift in Sources */ = {isa = PBXBuildFile; fileRef = L9NEPICKERVIEWSWIFT002 /* Views/LengthPickerView.swift */; };
		M9NUPICKERVIEWSWIFT001 /* Views/MenuPickerView.swift in Sources */ = {isa = PBXBuildFile; fileRef = M9NUPICKERVIEWSWIFT002 /* Views/MenuPickerView.swift */; };
		S9UGGESTIONBANNERVIEWSWIFT001 /* Views/SuggestionBannerView.swift in Sources */ = {isa = PBXBuildFile; fileRef = S9UGGESTIONBANNERVIEWSWIFT002 /* Views/SuggestionBannerView.swift */; };
		SHAREDSUGGESTIONDATASWIFT001 /* Models/SharedSuggestionData.swift in Sources */ = {isa = PBXBuildFile; fileRef = SHAREDSUGGESTIONDATASWIFT002 /* Models/SharedSuggestionData.swift */; };
		SI3ECNMBNVTNACIDWMIPR5FD /* Models/KeyboardModels.swift in Sources */ = {isa = PBXBuildFile; fileRef = X9N88Q95F5GOJ41NYAOZKPBV /* Models/KeyboardModels.swift */; };
		T9NEPICKERVIEWSWIFT001 /* Views/TonePickerView.swift in Sources */ = {isa = PBXBuildFile; fileRef = T9NEPICKERVIEWSWIFT002 /* Views/TonePickerView.swift */; };
		YFWW9VIZDBOVPERHOVA2S34K /* Services/KeyboardAIService.swift in Sources */ = {isa = PBXBuildFile; fileRef = JBBCK1LSYFQYBZU27XCRVZ1E /* Services/KeyboardAIService.swift */; };
		ZXEIMORKNRB96GVNZYK4BU6D /* Views/SuggestionsView.swift in Sources */ = {isa = PBXBuildFile; fileRef = 588L5I7U3LGEZIOTMEJ2RD8U /* Views/SuggestionsView.swift */; };
/* End PBXBuildFile section */

/* Begin PBXContainerItemProxy section */
		C39A580E2F1C000100389BE5 /* PBXContainerItemProxy */ = {
			isa = PBXContainerItemProxy;
			containerPortal = C39A56002EBD923E00389BE5 /* Project object */;
			proxyType = 1;
			remoteGlobalIDString = C39A58062F1C000100389BE5;
			remoteInfo = SocialWandKeyboard;
		};
/* End PBXContainerItemProxy section */

/* Begin PBXCopyFilesBuildPhase section */
		C39A580C2F1C000100389BE5 /* Embed App Extensions */ = {
			isa = PBXCopyFilesBuildPhase;
			buildActionMask = 2147483647;
			dstPath = "";
			dstSubfolderSpec = 13;
			files = (
				C39A580A2F1C000100389BE5 /* SocialWandKeyboard.appex in Embed App Extensions */,
			);
			name = "Embed App Extensions";
			runOnlyForDeploymentPostprocessing = 0;
		};
/* End PBXCopyFilesBuildPhase section */

/* Begin PBXFileReference section */
		588L5I7U3LGEZIOTMEJ2RD8U /* Views/SuggestionsView.swift */ = {isa = PBXFileReference; lastKnownFileType = sourcecode.swift; path = Views/SuggestionsView.swift; sourceTree = "<group>"; };
		C3644D9C2EC6F6CE00B63C69 /* SocialWandKeyboard.entitlements */ = {isa = PBXFileReference; lastKnownFileType = text.plist.entitlements; path = SocialWandKeyboard.entitlements; sourceTree = "<group>"; };
		C39A56082EBD923E00389BE5 /* social wand.app */ = {isa = PBXFileReference; explicitFileType = wrapper.application; includeInIndex = 0; path = "social wand.app"; sourceTree = BUILT_PRODUCTS_DIR; };
		C39A58012F1C000100389BE5 /* SocialWandKeyboard.appex */ = {isa = PBXFileReference; explicitFileType = "wrapper.app-extension"; includeInIndex = 0; path = SocialWandKeyboard.appex; sourceTree = BUILT_PRODUCTS_DIR; };
		C39A58032F1C000100389BE5 /* KeyboardViewController.swift */ = {isa = PBXFileReference; lastKnownFileType = sourcecode.swift; path = KeyboardViewController.swift; sourceTree = "<group>"; };
		C39A58042F1C000100389BE5 /* Info.plist */ = {isa = PBXFileReference; lastKnownFileType = text.plist.xml; path = Info.plist; sourceTree = "<group>"; };
		C39A58122F1C0C7B00389BE5 /* Settings.bundle */ = {isa = PBXFileReference; lastKnownFileType = "wrapper.plug-in"; path = Settings.bundle; sourceTree = SOURCE_ROOT; };
		C3FED57C2EEC1F270006E37F /* ClipboardManager.swift */ = {isa = PBXFileReference; lastKnownFileType = sourcecode.swift; path = ClipboardManager.swift; sourceTree = "<group>"; };
		C3FED57E2EEC1F3E0006E37F /* ClipboardHistoryView.swift */ = {isa = PBXFileReference; lastKnownFileType = sourcecode.swift; path = ClipboardHistoryView.swift; sourceTree = "<group>"; };
		C3WAND0022ECC6789009BB228 /* WandToolbar.swift */ = {isa = PBXFileReference; lastKnownFileType = sourcecode.swift; path = WandToolbar.swift; sourceTree = "<group>"; };
		C3WAND0042ECC6789009BB228 /* WandIcon.swift */ = {isa = PBXFileReference; lastKnownFileType = sourcecode.swift; path = WandIcon.swift; sourceTree = "<group>"; };
		E9RRORBANNERVIEWSWIFT002 /* Views/ErrorBannerView.swift */ = {isa = PBXFileReference; lastKnownFileType = sourcecode.swift; path = Views/ErrorBannerView.swift; sourceTree = "<group>"; };
		JBBCK1LSYFQYBZU27XCRVZ1E /* Services/KeyboardAIService.swift */ = {isa = PBXFileReference; lastKnownFileType = sourcecode.swift; path = Services/KeyboardAIService.swift; sourceTree = "<group>"; };
		L9NEPICKERVIEWSWIFT002 /* Views/LengthPickerView.swift */ = {isa = PBXFileReference; lastKnownFileType = sourcecode.swift; path = Views/LengthPickerView.swift; sourceTree = "<group>"; };
		M9NUPICKERVIEWSWIFT002 /* Views/MenuPickerView.swift */ = {isa = PBXFileReference; lastKnownFileType = sourcecode.swift; path = Views/MenuPickerView.swift; sourceTree = "<group>"; };
		S9UGGESTIONBANNERVIEWSWIFT002 /* Views/SuggestionBannerView.swift */ = {isa = PBXFileReference; lastKnownFileType = sourcecode.swift; path = Views/SuggestionBannerView.swift; sourceTree = "<group>"; };
		SHAREDSUGGESTIONDATASWIFT002 /* Models/SharedSuggestionData.swift */ = {isa = PBXFileReference; lastKnownFileType = sourcecode.swift; path = Models/SharedSuggestionData.swift; sourceTree = "<group>"; };
		T9NEPICKERVIEWSWIFT002 /* Views/TonePickerView.swift */ = {isa = PBXFileReference; lastKnownFileType = sourcecode.swift; path = Views/TonePickerView.swift; sourceTree = "<group>"; };
		X9N88Q95F5GOJ41NYAOZKPBV /* Models/KeyboardModels.swift */ = {isa = PBXFileReference; lastKnownFileType = sourcecode.swift; path = Models/KeyboardModels.swift; sourceTree = "<group>"; };
		YBDTVRVHQQ0K1RDS1B7C5HCT /* Models/SuggestionsViewModel.swift */ = {isa = PBXFileReference; lastKnownFileType = sourcecode.swift; path = Models/SuggestionsViewModel.swift; sourceTree = "<group>"; };
/* End PBXFileReference section */

/* Begin PBXFileSystemSynchronizedBuildFileExceptionSet section */
		C38550FB2ED143660021D90F /* Exceptions for "social wand" folder in "social wand" target */ = {
			isa = PBXFileSystemSynchronizedBuildFileExceptionSet;
			membershipExceptions = (
				Info.plist,
			);
			target = C39A56072EBD923E00389BE5 /* social wand */;
		};
		C38552C92ED41AD00021D90F /* Exceptions for "social wand" folder in "SocialWandKeyboard" target */ = {
			isa = PBXFileSystemSynchronizedBuildFileExceptionSet;
			membershipExceptions = (
				Assets.xcassets,
			);
			target = C39A58062F1C000100389BE5 /* SocialWandKeyboard */;
		};
/* End PBXFileSystemSynchronizedBuildFileExceptionSet section */

/* Begin PBXFileSystemSynchronizedRootGroup section */
		C39A560A2EBD923E00389BE5 /* social wand */ = {
			isa = PBXFileSystemSynchronizedRootGroup;
			exceptions = (
				C38550FB2ED143660021D90F /* Exceptions for "social wand" folder in "social wand" target */,
				C38552C92ED41AD00021D90F /* Exceptions for "social wand" folder in "SocialWandKeyboard" target */,
			);
			path = "social wand";
			sourceTree = "<group>";
		};
/* End PBXFileSystemSynchronizedRootGroup section */

/* Begin PBXFrameworksBuildPhase section */
		C39A56052EBD923E00389BE5 /* Frameworks */ = {
			isa = PBXFrameworksBuildPhase;
			buildActionMask = 2147483647;
			files = (
				C39A57002EC1A2AB00389BE5 /* Alamofire in Frameworks */,
				C39A57022EC1A8F200389BE5 /* FirebaseAnalytics in Frameworks */,
				C39A57042EC1A8F200389BE5 /* SwiftyJSON in Frameworks */,
				C39A57052EC1A8F200389BE5 /* OpenAI in Frameworks */,
				C300DD4B2ECC5521009BB228 /* KeyboardKit in Frameworks */,
				C39A57062EC1A8F200389BE5 /* Lottie in Frameworks */,
				C39A57072EC1A8F200389BE5 /* Kingfisher in Frameworks */,
			);
			runOnlyForDeploymentPostprocessing = 0;
		};
		C39A58052F1C000100389BE5 /* Frameworks */ = {
			isa = PBXFrameworksBuildPhase;
			buildActionMask = 2147483647;
			files = (
				C300DCEF2ECC5238009BB228 /* KeyboardKit in Frameworks */,
			);
			runOnlyForDeploymentPostprocessing = 0;
		};
/* End PBXFrameworksBuildPhase section */

/* Begin PBXGroup section */
		C300DD492ECC5521009BB228 /* Frameworks */ = {
			isa = PBXGroup;
			children = (
			);
			name = Frameworks;
			sourceTree = "<group>";
		};
		C39A55FF2EBD923E00389BE5 = {
			isa = PBXGroup;
			children = (
				C39A560A2EBD923E00389BE5 /* social wand */,
				C39A58122F1C0C7B00389BE5 /* Settings.bundle */,
				C39A58022F1C000100389BE5 /* SocialWandKeyboard */,
				C300DD492ECC5521009BB228 /* Frameworks */,
				C39A56092EBD923E00389BE5 /* Products */,
			);
			sourceTree = "<group>";
		};
		C39A56092EBD923E00389BE5 /* Products */ = {
			isa = PBXGroup;
			children = (
				C39A56082EBD923E00389BE5 /* social wand.app */,
				C39A58012F1C000100389BE5 /* SocialWandKeyboard.appex */,
			);
			name = Products;
			sourceTree = "<group>";
		};
		C39A58022F1C000100389BE5 /* SocialWandKeyboard */ = {
			isa = PBXGroup;
			children = (
				C3644D9C2EC6F6CE00B63C69 /* SocialWandKeyboard.entitlements */,
				C3FED57E2EEC1F3E0006E37F /* ClipboardHistoryView.swift */,
				C3FED57C2EEC1F270006E37F /* ClipboardManager.swift */,
				C39A58032F1C000100389BE5 /* KeyboardViewController.swift */,
				C3WAND0022ECC6789009BB228 /* WandToolbar.swift */,
				C3WAND0042ECC6789009BB228 /* WandIcon.swift */,
				X9N88Q95F5GOJ41NYAOZKPBV /* Models/KeyboardModels.swift */,
				YBDTVRVHQQ0K1RDS1B7C5HCT /* Models/SuggestionsViewModel.swift */,
				SHAREDSUGGESTIONDATASWIFT002 /* Models/SharedSuggestionData.swift */,
				JBBCK1LSYFQYBZU27XCRVZ1E /* Services/KeyboardAIService.swift */,
				588L5I7U3LGEZIOTMEJ2RD8U /* Views/SuggestionsView.swift */,
				T9NEPICKERVIEWSWIFT002 /* Views/TonePickerView.swift */,
				L9NEPICKERVIEWSWIFT002 /* Views/LengthPickerView.swift */,
				M9NUPICKERVIEWSWIFT002 /* Views/MenuPickerView.swift */,
				S9UGGESTIONBANNERVIEWSWIFT002 /* Views/SuggestionBannerView.swift */,
				E9RRORBANNERVIEWSWIFT002 /* Views/ErrorBannerView.swift */,
				C39A58042F1C000100389BE5 /* Info.plist */,
			);
			path = SocialWandKeyboard;
			sourceTree = SOURCE_ROOT;
		};
/* End PBXGroup section */

/* Begin PBXNativeTarget section */
		C39A56072EBD923E00389BE5 /* social wand */ = {
			isa = PBXNativeTarget;
			buildConfigurationList = C39A56132EBD924000389BE5 /* Build configuration list for PBXNativeTarget "social wand" */;
			buildPhases = (
				C39A56042EBD923E00389BE5 /* Sources */,
				C39A56052EBD923E00389BE5 /* Frameworks */,
				C39A56062EBD923E00389BE5 /* Resources */,
				C39A580C2F1C000100389BE5 /* Embed App Extensions */,
			);
			buildRules = (
			);
			dependencies = (
				C39A580D2F1C000100389BE5 /* PBXTargetDependency */,
			);
			fileSystemSynchronizedGroups = (
				C39A560A2EBD923E00389BE5 /* social wand */,
			);
			name = "social wand";
			packageProductDependencies = (
				C39A57012EC1A2AB00389BE5 /* Alamofire */,
				C39A57082EC1A8F200389BE5 /* FirebaseAnalytics */,
				C39A570A2EC1A8F200389BE5 /* SwiftyJSON */,
				C39A570B2EC1A8F200389BE5 /* OpenAI */,
				C39A570C2EC1A8F200389BE5 /* Lottie */,
				C39A570D2EC1A8F200389BE5 /* Kingfisher */,
				C300DD4A2ECC5521009BB228 /* KeyboardKit */,
			);
			productName = "social wand";
			productReference = C39A56082EBD923E00389BE5 /* social wand.app */;
			productType = "com.apple.product-type.application";
		};
		C39A58062F1C000100389BE5 /* SocialWandKeyboard */ = {
			isa = PBXNativeTarget;
			buildConfigurationList = C39A580F2F1C000100389BE5 /* Build configuration list for PBXNativeTarget "SocialWandKeyboard" */;
			buildPhases = (
				C39A58072F1C000100389BE5 /* Sources */,
				C39A58052F1C000100389BE5 /* Frameworks */,
				C39A58082F1C000100389BE5 /* Resources */,
			);
			buildRules = (
			);
			dependencies = (
			);
			name = SocialWandKeyboard;
			productName = SocialWandKeyboard;
			productReference = C39A58012F1C000100389BE5 /* SocialWandKeyboard.appex */;
			productType = "com.apple.product-type.app-extension";
		};
/* End PBXNativeTarget section */

/* Begin PBXProject section */
		C39A56002EBD923E00389BE5 /* Project object */ = {
			isa = PBXProject;
			attributes = {
				BuildIndependentTargetsInParallel = 1;
				LastSwiftUpdateCheck = 2610;
				LastUpgradeCheck = 2610;
				TargetAttributes = {
					C39A56072EBD923E00389BE5 = {
						CreatedOnToolsVersion = 26.1;
					};
					C39A58062F1C000100389BE5 = {
						CreatedOnToolsVersion = 26.1;
					};
				};
			};
			buildConfigurationList = C39A56032EBD923E00389BE5 /* Build configuration list for PBXProject "social wand" */;
			developmentRegion = en;
			hasScannedForEncodings = 0;
			knownRegions = (
				en,
				Base,
			);
			mainGroup = C39A55FF2EBD923E00389BE5;
			minimizedProjectReferenceProxies = 1;
			packageReferences = (
				C39A57102EC1A2E100389BE5 /* XCRemoteSwiftPackageReference "Alamofire" */,
				C39A57112EC1A2E100389BE5 /* XCRemoteSwiftPackageReference "firebase-ios-sdk" */,
				C39A57122EC1A2E100389BE5 /* XCRemoteSwiftPackageReference "SwiftyJSON" */,
				C39A57132EC1A2E100389BE5 /* XCRemoteSwiftPackageReference "OpenAI" */,
				C39A57142EC1A2E100389BE5 /* XCRemoteSwiftPackageReference "lottie-ios" */,
				C39A57152EC1A2E100389BE5 /* XCRemoteSwiftPackageReference "Kingfisher" */,
				C300DCED2ECC5238009BB228 /* XCRemoteSwiftPackageReference "KeyboardKit" */,
			);
			preferredProjectObjectVersion = 77;
			productRefGroup = C39A56092EBD923E00389BE5 /* Products */;
			projectDirPath = "";
			projectRoot = "";
			targets = (
				C39A56072EBD923E00389BE5 /* social wand */,
				C39A58062F1C000100389BE5 /* SocialWandKeyboard */,
			);
		};
/* End PBXProject section */

/* Begin PBXResourcesBuildPhase section */
		C39A56062EBD923E00389BE5 /* Resources */ = {
			isa = PBXResourcesBuildPhase;
			buildActionMask = 2147483647;
			files = (
				C39A58132F1C0C7B00389BE5 /* Settings.bundle in Resources */,
			);
			runOnlyForDeploymentPostprocessing = 0;
		};
		C39A58082F1C000100389BE5 /* Resources */ = {
			isa = PBXResourcesBuildPhase;
			buildActionMask = 2147483647;
			files = (
			);
			runOnlyForDeploymentPostprocessing = 0;
		};
/* End PBXResourcesBuildPhase section */

/* Begin PBXSourcesBuildPhase section */
		C39A56042EBD923E00389BE5 /* Sources */ = {
			isa = PBXSourcesBuildPhase;
			buildActionMask = 2147483647;
			files = (
				C31B11DB2EE9794E009DF674 /* Views/LengthPickerView.swift in Sources */,
				C31B11DA2EE97939009DF674 /* Views/TonePickerView.swift in Sources */,
			);
			runOnlyForDeploymentPostprocessing = 0;
		};
		C39A58072F1C000100389BE5 /* Sources */ = {
			isa = PBXSourcesBuildPhase;
			buildActionMask = 2147483647;
			files = (
				C39A580B2F1C000100389BE5 /* KeyboardViewController.swift in Sources */,
				C3FED57F2EEC1F3E0006E37F /* ClipboardHistoryView.swift in Sources */,
				C3WAND0012ECC6789009BB228 /* WandToolbar.swift in Sources */,
				C3WAND0032ECC6789009BB228 /* WandIcon.swift in Sources */,
				YFWW9VIZDBOVPERHOVA2S34K /* Services/KeyboardAIService.swift in Sources */,
				SI3ECNMBNVTNACIDWMIPR5FD /* Models/KeyboardModels.swift in Sources */,
				723K0K0JPQ3POOE5MSGUQOGU /* Models/SuggestionsViewModel.swift in Sources */,
				C3FED57D2EEC1F270006E37F /* ClipboardManager.swift in Sources */,
				ZXEIMORKNRB96GVNZYK4BU6D /* Views/SuggestionsView.swift in Sources */,
				T9NEPICKERVIEWSWIFT001 /* Views/TonePickerView.swift in Sources */,
				L9NEPICKERVIEWSWIFT001 /* Views/LengthPickerView.swift in Sources */,
				M9NUPICKERVIEWSWIFT001 /* Views/MenuPickerView.swift in Sources */,
				S9UGGESTIONBANNERVIEWSWIFT001 /* Views/SuggestionBannerView.swift in Sources */,
				E9RRORBANNERVIEWSWIFT001 /* Views/ErrorBannerView.swift in Sources */,
				SHAREDSUGGESTIONDATASWIFT001 /* Models/SharedSuggestionData.swift in Sources */,
			);
			runOnlyForDeploymentPostprocessing = 0;
		};
/* End PBXSourcesBuildPhase section */

/* Begin PBXTargetDependency section */
		C39A580D2F1C000100389BE5 /* PBXTargetDependency */ = {
			isa = PBXTargetDependency;
			target = C39A58062F1C000100389BE5 /* SocialWandKeyboard */;
			targetProxy = C39A580E2F1C000100389BE5 /* PBXContainerItemProxy */;
		};
/* End PBXTargetDependency section */

/* Begin XCBuildConfiguration section */
		C39A56112EBD924000389BE5 /* Debug */ = {
			isa = XCBuildConfiguration;
			buildSettings = {
				ALWAYS_SEARCH_USER_PATHS = NO;
				ASSETCATALOG_COMPILER_GENERATE_SWIFT_ASSET_SYMBOL_EXTENSIONS = YES;
				CLANG_ANALYZER_NONNULL = YES;
				CLANG_ANALYZER_NUMBER_OBJECT_CONVERSION = YES_AGGRESSIVE;
				CLANG_CXX_LANGUAGE_STANDARD = "gnu++20";
				CLANG_ENABLE_MODULES = YES;
				CLANG_ENABLE_OBJC_ARC = YES;
				CLANG_ENABLE_OBJC_WEAK = YES;
				CLANG_WARN_BLOCK_CAPTURE_AUTORELEASING = YES;
				CLANG_WARN_BOOL_CONVERSION = YES;
				CLANG_WARN_COMMA = YES;
				CLANG_WARN_CONSTANT_CONVERSION = YES;
				CLANG_WARN_DEPRECATED_OBJC_IMPLEMENTATIONS = YES;
				CLANG_WARN_DIRECT_OBJC_ISA_USAGE = YES_ERROR;
				CLANG_WARN_DOCUMENTATION_COMMENTS = YES;
				CLANG_WARN_EMPTY_BODY = YES;
				CLANG_WARN_ENUM_CONVERSION = YES;
				CLANG_WARN_INFINITE_RECURSION = YES;
				CLANG_WARN_INT_CONVERSION = YES;
				CLANG_WARN_NON_LITERAL_NULL_CONVERSION = YES;
				CLANG_WARN_OBJC_IMPLICIT_RETAIN_SELF = YES;
				CLANG_WARN_OBJC_LITERAL_CONVERSION = YES;
				CLANG_WARN_OBJC_ROOT_CLASS = YES_ERROR;
				CLANG_WARN_QUOTED_INCLUDE_IN_FRAMEWORK_HEADER = YES;
				CLANG_WARN_RANGE_LOOP_ANALYSIS = YES;
				CLANG_WARN_STRICT_PROTOTYPES = YES;
				CLANG_WARN_SUSPICIOUS_MOVE = YES;
				CLANG_WARN_UNGUARDED_AVAILABILITY = YES_AGGRESSIVE;
				CLANG_WARN_UNREACHABLE_CODE = YES;
				CLANG_WARN__DUPLICATE_METHOD_MATCH = YES;
				COPY_PHASE_STRIP = NO;
				DEBUG_INFORMATION_FORMAT = dwarf;
				ENABLE_STRICT_OBJC_MSGSEND = YES;
				ENABLE_TESTABILITY = YES;
				ENABLE_USER_SCRIPT_SANDBOXING = YES;
				GCC_C_LANGUAGE_STANDARD = gnu17;
				GCC_DYNAMIC_NO_PIC = NO;
				GCC_NO_COMMON_BLOCKS = YES;
				GCC_OPTIMIZATION_LEVEL = 0;
				GCC_PREPROCESSOR_DEFINITIONS = (
					"DEBUG=1",
					"$(inherited)",
				);
				GCC_WARN_64_TO_32_BIT_CONVERSION = YES;
				GCC_WARN_ABOUT_RETURN_TYPE = YES_ERROR;
				GCC_WARN_UNDECLARED_SELECTOR = YES;
				GCC_WARN_UNINITIALIZED_AUTOS = YES_AGGRESSIVE;
				GCC_WARN_UNUSED_FUNCTION = YES;
				GCC_WARN_UNUSED_VARIABLE = YES;
				LOCALIZATION_PREFERS_STRING_CATALOGS = YES;
				MTL_ENABLE_DEBUG_INFO = INCLUDE_SOURCE;
				MTL_FAST_MATH = YES;
				ONLY_ACTIVE_ARCH = YES;
				SWIFT_ACTIVE_COMPILATION_CONDITIONS = "DEBUG $(inherited)";
				SWIFT_OPTIMIZATION_LEVEL = "-Onone";
			};
			name = Debug;
		};
		C39A56122EBD924000389BE5 /* Release */ = {
			isa = XCBuildConfiguration;
			buildSettings = {
				ALWAYS_SEARCH_USER_PATHS = NO;
				ASSETCATALOG_COMPILER_GENERATE_SWIFT_ASSET_SYMBOL_EXTENSIONS = YES;
				CLANG_ANALYZER_NONNULL = YES;
				CLANG_ANALYZER_NUMBER_OBJECT_CONVERSION = YES_AGGRESSIVE;
				CLANG_CXX_LANGUAGE_STANDARD = "gnu++20";
				CLANG_ENABLE_MODULES = YES;
				CLANG_ENABLE_OBJC_ARC = YES;
				CLANG_ENABLE_OBJC_WEAK = YES;
				CLANG_WARN_BLOCK_CAPTURE_AUTORELEASING = YES;
				CLANG_WARN_BOOL_CONVERSION = YES;
				CLANG_WARN_COMMA = YES;
				CLANG_WARN_CONSTANT_CONVERSION = YES;
				CLANG_WARN_DEPRECATED_OBJC_IMPLEMENTATIONS = YES;
				CLANG_WARN_DIRECT_OBJC_ISA_USAGE = YES_ERROR;
				CLANG_WARN_DOCUMENTATION_COMMENTS = YES;
				CLANG_WARN_EMPTY_BODY = YES;
				CLANG_WARN_ENUM_CONVERSION = YES;
				CLANG_WARN_INFINITE_RECURSION = YES;
				CLANG_WARN_INT_CONVERSION = YES;
				CLANG_WARN_NON_LITERAL_NULL_CONVERSION = YES;
				CLANG_WARN_OBJC_IMPLICIT_RETAIN_SELF = YES;
				CLANG_WARN_OBJC_LITERAL_CONVERSION = YES;
				CLANG_WARN_OBJC_ROOT_CLASS = YES_ERROR;
				CLANG_WARN_QUOTED_INCLUDE_IN_FRAMEWORK_HEADER = YES;
				CLANG_WARN_RANGE_LOOP_ANALYSIS = YES;
				CLANG_WARN_STRICT_PROTOTYPES = YES;
				CLANG_WARN_SUSPICIOUS_MOVE = YES;
				CLANG_WARN_UNGUARDED_AVAILABILITY = YES_AGGRESSIVE;
				CLANG_WARN_UNREACHABLE_CODE = YES;
				CLANG_WARN__DUPLICATE_METHOD_MATCH = YES;
				COPY_PHASE_STRIP = NO;
				DEBUG_INFORMATION_FORMAT = "dwarf-with-dsym";
				ENABLE_NS_ASSERTIONS = NO;
				ENABLE_STRICT_OBJC_MSGSEND = YES;
				ENABLE_USER_SCRIPT_SANDBOXING = YES;
				GCC_C_LANGUAGE_STANDARD = gnu17;
				GCC_NO_COMMON_BLOCKS = YES;
				GCC_WARN_64_TO_32_BIT_CONVERSION = YES;
				GCC_WARN_ABOUT_RETURN_TYPE = YES_ERROR;
				GCC_WARN_UNDECLARED_SELECTOR = YES;
				GCC_WARN_UNINITIALIZED_AUTOS = YES_AGGRESSIVE;
				GCC_WARN_UNUSED_FUNCTION = YES;
				GCC_WARN_UNUSED_VARIABLE = YES;
				LOCALIZATION_PREFERS_STRING_CATALOGS = YES;
				MTL_ENABLE_DEBUG_INFO = NO;
				MTL_FAST_MATH = YES;
				SWIFT_COMPILATION_MODE = wholemodule;
			};
			name = Release;
		};
		C39A56142EBD924000389BE5 /* Debug */ = {
			isa = XCBuildConfiguration;
			buildSettings = {
				ASSETCATALOG_COMPILER_APPICON_NAME = AppIcon;
				ASSETCATALOG_COMPILER_GLOBAL_ACCENT_COLOR_NAME = AccentColor;
				CODE_SIGN_ENTITLEMENTS = "social wand/social wand.entitlements";
				"CODE_SIGN_IDENTITY[sdk=macosx*]" = "Apple Development";
				CODE_SIGN_STYLE = Automatic;
				CURRENT_PROJECT_VERSION = 1;
				DEVELOPMENT_TEAM = FBK5K24AY7;
				ENABLE_APP_SANDBOX = YES;
				ENABLE_PREVIEWS = YES;
				ENABLE_USER_SELECTED_FILES = readonly;
				GENERATE_INFOPLIST_FILE = NO;
				INFOPLIST_FILE = "social wand/Info.plist";
				"INFOPLIST_KEY_UIApplicationSceneManifest_Generation[sdk=iphoneos*]" = YES;
				"INFOPLIST_KEY_UIApplicationSceneManifest_Generation[sdk=iphonesimulator*]" = YES;
				"INFOPLIST_KEY_UIApplicationSupportsIndirectInputEvents[sdk=iphoneos*]" = YES;
				"INFOPLIST_KEY_UIApplicationSupportsIndirectInputEvents[sdk=iphonesimulator*]" = YES;
				"INFOPLIST_KEY_UILaunchScreen_Generation[sdk=iphoneos*]" = YES;
				"INFOPLIST_KEY_UILaunchScreen_Generation[sdk=iphonesimulator*]" = YES;
				"INFOPLIST_KEY_UIStatusBarStyle[sdk=iphoneos*]" = UIStatusBarStyleDefault;
				"INFOPLIST_KEY_UIStatusBarStyle[sdk=iphonesimulator*]" = UIStatusBarStyleDefault;
				INFOPLIST_KEY_UISupportedInterfaceOrientations_iPad = "UIInterfaceOrientationPortrait UIInterfaceOrientationPortraitUpsideDown UIInterfaceOrientationLandscapeLeft UIInterfaceOrientationLandscapeRight";
				INFOPLIST_KEY_UISupportedInterfaceOrientations_iPhone = "UIInterfaceOrientationPortrait UIInterfaceOrientationLandscapeLeft UIInterfaceOrientationLandscapeRight";
				IPHONEOS_DEPLOYMENT_TARGET = 17.6;
				LD_RUNPATH_SEARCH_PATHS = "@executable_path/Frameworks";
				"LD_RUNPATH_SEARCH_PATHS[sdk=macosx*]" = "@executable_path/../Frameworks";
				MACOSX_DEPLOYMENT_TARGET = 14.6;
				MARKETING_VERSION = 1.0;
				PRODUCT_BUNDLE_IDENTIFIER = "rishi-more.social-wand";
				PRODUCT_NAME = "$(TARGET_NAME)";
				REGISTER_APP_GROUPS = YES;
				SDKROOT = auto;
				STRING_CATALOG_GENERATE_SYMBOLS = YES;
				SUPPORTED_PLATFORMS = "iphoneos iphonesimulator macosx xros xrsimulator";
				SWIFT_APPROACHABLE_CONCURRENCY = YES;
				SWIFT_DEFAULT_ACTOR_ISOLATION = MainActor;
				SWIFT_EMIT_LOC_STRINGS = YES;
				SWIFT_UPCOMING_FEATURE_MEMBER_IMPORT_VISIBILITY = YES;
				SWIFT_VERSION = 5.0;
				TARGETED_DEVICE_FAMILY = "1,2,7";
				XROS_DEPLOYMENT_TARGET = 26.1;
			};
			name = Debug;
		};
		C39A56152EBD924000389BE5 /* Release */ = {
			isa = XCBuildConfiguration;
			buildSettings = {
				ASSETCATALOG_COMPILER_APPICON_NAME = AppIcon;
				ASSETCATALOG_COMPILER_GLOBAL_ACCENT_COLOR_NAME = AccentColor;
				CODE_SIGN_ENTITLEMENTS = "social wand/social wand.entitlements";
				"CODE_SIGN_IDENTITY[sdk=macosx*]" = "Apple Development";
				CODE_SIGN_STYLE = Automatic;
				CURRENT_PROJECT_VERSION = 1;
				DEVELOPMENT_TEAM = FBK5K24AY7;
				ENABLE_APP_SANDBOX = YES;
				ENABLE_PREVIEWS = YES;
				ENABLE_USER_SELECTED_FILES = readonly;
				GENERATE_INFOPLIST_FILE = NO;
				INFOPLIST_FILE = "social wand/Info.plist";
				"INFOPLIST_KEY_UIApplicationSceneManifest_Generation[sdk=iphoneos*]" = YES;
				"INFOPLIST_KEY_UIApplicationSceneManifest_Generation[sdk=iphonesimulator*]" = YES;
				"INFOPLIST_KEY_UIApplicationSupportsIndirectInputEvents[sdk=iphoneos*]" = YES;
				"INFOPLIST_KEY_UIApplicationSupportsIndirectInputEvents[sdk=iphonesimulator*]" = YES;
				"INFOPLIST_KEY_UILaunchScreen_Generation[sdk=iphoneos*]" = YES;
				"INFOPLIST_KEY_UILaunchScreen_Generation[sdk=iphonesimulator*]" = YES;
				"INFOPLIST_KEY_UIStatusBarStyle[sdk=iphoneos*]" = UIStatusBarStyleDefault;
				"INFOPLIST_KEY_UIStatusBarStyle[sdk=iphonesimulator*]" = UIStatusBarStyleDefault;
				INFOPLIST_KEY_UISupportedInterfaceOrientations_iPad = "UIInterfaceOrientationPortrait UIInterfaceOrientationPortraitUpsideDown UIInterfaceOrientationLandscapeLeft UIInterfaceOrientationLandscapeRight";
				INFOPLIST_KEY_UISupportedInterfaceOrientations_iPhone = "UIInterfaceOrientationPortrait UIInterfaceOrientationLandscapeLeft UIInterfaceOrientationLandscapeRight";
				IPHONEOS_DEPLOYMENT_TARGET = 17.6;
				LD_RUNPATH_SEARCH_PATHS = "@executable_path/Frameworks";
				"LD_RUNPATH_SEARCH_PATHS[sdk=macosx*]" = "@executable_path/../Frameworks";
				MACOSX_DEPLOYMENT_TARGET = 14.6;
				MARKETING_VERSION = 1.0;
				PRODUCT_BUNDLE_IDENTIFIER = "rishi-more.social-wand";
				PRODUCT_NAME = "$(TARGET_NAME)";
				REGISTER_APP_GROUPS = YES;
				SDKROOT = auto;
				STRING_CATALOG_GENERATE_SYMBOLS = YES;
				SUPPORTED_PLATFORMS = "iphoneos iphonesimulator macosx xros xrsimulator";
				SWIFT_APPROACHABLE_CONCURRENCY = YES;
				SWIFT_DEFAULT_ACTOR_ISOLATION = MainActor;
				SWIFT_EMIT_LOC_STRINGS = YES;
				SWIFT_UPCOMING_FEATURE_MEMBER_IMPORT_VISIBILITY = YES;
				SWIFT_VERSION = 5.0;
				TARGETED_DEVICE_FAMILY = "1,2,7";
				XROS_DEPLOYMENT_TARGET = 26.1;
			};
			name = Release;
		};
		C39A580D2F1C00100389BE5 /* Debug */ = {
			isa = XCBuildConfiguration;
			buildSettings = {
				APPLICATION_EXTENSION_API_ONLY = YES;
				ASSETCATALOG_COMPILER_GLOBAL_ACCENT_COLOR_NAME = AccentColor;
				CODE_SIGN_ENTITLEMENTS = SocialWandKeyboard/SocialWandKeyboard.entitlements;
				CODE_SIGN_STYLE = Automatic;
				CURRENT_PROJECT_VERSION = 1;
				DEVELOPMENT_TEAM = FBK5K24AY7;
				GENERATE_INFOPLIST_FILE = NO;
				INFOPLIST_FILE = SocialWandKeyboard/Info.plist;
				IPHONEOS_DEPLOYMENT_TARGET = 17.6;
				LD_RUNPATH_SEARCH_PATHS = (
					"@executable_path/Frameworks",
					"@executable_path/../../Frameworks",
				);
				MARKETING_VERSION = 1.0;
				PRODUCT_BUNDLE_IDENTIFIER = "rishi-more.social-wand.keyboard";
				PRODUCT_NAME = "$(TARGET_NAME)";
				SDKROOT = auto;
				SKIP_INSTALL = YES;
				SUPPORTED_PLATFORMS = "iphoneos iphonesimulator";
				SWIFT_EMIT_LOC_STRINGS = NO;
				SWIFT_VERSION = 5.0;
				TARGETED_DEVICE_FAMILY = "1,2";
			};
			name = Debug;
		};
		C39A580E2F1C00100389BE5 /* Release */ = {
			isa = XCBuildConfiguration;
			buildSettings = {
				APPLICATION_EXTENSION_API_ONLY = YES;
				ASSETCATALOG_COMPILER_GLOBAL_ACCENT_COLOR_NAME = AccentColor;
				CODE_SIGN_ENTITLEMENTS = SocialWandKeyboard/SocialWandKeyboard.entitlements;
				CODE_SIGN_STYLE = Automatic;
				CURRENT_PROJECT_VERSION = 1;
				DEVELOPMENT_TEAM = FBK5K24AY7;
				GENERATE_INFOPLIST_FILE = NO;
				INFOPLIST_FILE = SocialWandKeyboard/Info.plist;
				IPHONEOS_DEPLOYMENT_TARGET = 17.6;
				LD_RUNPATH_SEARCH_PATHS = (
					"@executable_path/Frameworks",
					"@executable_path/../../Frameworks",
				);
				MARKETING_VERSION = 1.0;
				PRODUCT_BUNDLE_IDENTIFIER = "rishi-more.social-wand.keyboard";
				PRODUCT_NAME = "$(TARGET_NAME)";
				SDKROOT = auto;
				SKIP_INSTALL = YES;
				SUPPORTED_PLATFORMS = "iphoneos iphonesimulator";
				SWIFT_EMIT_LOC_STRINGS = NO;
				SWIFT_VERSION = 5.0;
				TARGETED_DEVICE_FAMILY = "1,2";
			};
			name = Release;
		};
/* End XCBuildConfiguration section */

/* Begin XCConfigurationList section */
		C39A56032EBD923E00389BE5 /* Build configuration list for PBXProject "social wand" */ = {
			isa = XCConfigurationList;
			buildConfigurations = (
				C39A56112EBD924000389BE5 /* Debug */,
				C39A56122EBD924000389BE5 /* Release */,
			);
			defaultConfigurationIsVisible = 0;
			defaultConfigurationName = Release;
		};
		C39A56132EBD924000389BE5 /* Build configuration list for PBXNativeTarget "social wand" */ = {
			isa = XCConfigurationList;
			buildConfigurations = (
				C39A56142EBD924000389BE5 /* Debug */,
				C39A56152EBD924000389BE5 /* Release */,
			);
			defaultConfigurationIsVisible = 0;
			defaultConfigurationName = Release;
		};
		C39A580F2F1C000100389BE5 /* Build configuration list for PBXNativeTarget "SocialWandKeyboard" */ = {
			isa = XCConfigurationList;
			buildConfigurations = (
				C39A580D2F1C00100389BE5 /* Debug */,
				C39A580E2F1C00100389BE5 /* Release */,
			);
			defaultConfigurationIsVisible = 0;
			defaultConfigurationName = Release;
		};
/* End XCConfigurationList section */

/* Begin XCRemoteSwiftPackageReference section */
		C300DCED2ECC5238009BB228 /* XCRemoteSwiftPackageReference "KeyboardKit" */ = {
			isa = XCRemoteSwiftPackageReference;
			repositoryURL = "https://github.com/KeyboardKit/KeyboardKit.git";
			requirement = {
				kind = upToNextMajorVersion;
				minimumVersion = 10.1.1;
			};
		};
		C39A57102EC1A2E100389BE5 /* XCRemoteSwiftPackageReference "Alamofire" */ = {
			isa = XCRemoteSwiftPackageReference;
			repositoryURL = "https://github.com/Alamofire/Alamofire.git";
			requirement = {
				kind = upToNextMajorVersion;
				minimumVersion = 5.8.0;
			};
		};
		C39A57112EC1A2E100389BE5 /* XCRemoteSwiftPackageReference "firebase-ios-sdk" */ = {
			isa = XCRemoteSwiftPackageReference;
			repositoryURL = "https://github.com/firebase/firebase-ios-sdk.git";
			requirement = {
				kind = upToNextMajorVersion;
				minimumVersion = 10.0.0;
			};
		};
		C39A57122EC1A2E100389BE5 /* XCRemoteSwiftPackageReference "SwiftyJSON" */ = {
			isa = XCRemoteSwiftPackageReference;
			repositoryURL = "https://github.com/SwiftyJSON/SwiftyJSON.git";
			requirement = {
				kind = upToNextMajorVersion;
				minimumVersion = 5.0.1;
			};
		};
		C39A57132EC1A2E100389BE5 /* XCRemoteSwiftPackageReference "OpenAI" */ = {
			isa = XCRemoteSwiftPackageReference;
			repositoryURL = "https://github.com/MacPaw/OpenAI.git";
			requirement = {
				kind = upToNextMajorVersion;
				minimumVersion = 0.4.0;
			};
		};
		C39A57142EC1A2E100389BE5 /* XCRemoteSwiftPackageReference "lottie-ios" */ = {
			isa = XCRemoteSwiftPackageReference;
			repositoryURL = "https://github.com/airbnb/lottie-ios.git";
			requirement = {
				kind = upToNextMajorVersion;
				minimumVersion = 4.4.0;
			};
		};
		C39A57152EC1A2E100389BE5 /* XCRemoteSwiftPackageReference "Kingfisher" */ = {
			isa = XCRemoteSwiftPackageReference;
			repositoryURL = "https://github.com/onevcat/Kingfisher.git";
			requirement = {
				kind = upToNextMajorVersion;
				minimumVersion = 7.10.0;
			};
		};
/* End XCRemoteSwiftPackageReference section */

/* Begin XCSwiftPackageProductDependency section */
		C300DCEE2ECC5238009BB228 /* KeyboardKit */ = {
			isa = XCSwiftPackageProductDependency;
			package = C300DCED2ECC5238009BB228 /* XCRemoteSwiftPackageReference "KeyboardKit" */;
			productName = KeyboardKit;
		};
		C300DD4A2ECC5521009BB228 /* KeyboardKit */ = {
			isa = XCSwiftPackageProductDependency;
			package = C300DCED2ECC5238009BB228 /* XCRemoteSwiftPackageReference "KeyboardKit" */;
			productName = KeyboardKit;
		};
		C39A57012EC1A2AB00389BE5 /* Alamofire */ = {
			isa = XCSwiftPackageProductDependency;
			package = C39A57102EC1A2E100389BE5 /* XCRemoteSwiftPackageReference "Alamofire" */;
			productName = Alamofire;
		};
		C39A57082EC1A8F200389BE5 /* FirebaseAnalytics */ = {
			isa = XCSwiftPackageProductDependency;
			package = C39A57112EC1A2E100389BE5 /* XCRemoteSwiftPackageReference "firebase-ios-sdk" */;
			productName = FirebaseAnalytics;
		};
		C39A570A2EC1A8F200389BE5 /* SwiftyJSON */ = {
			isa = XCSwiftPackageProductDependency;
			package = C39A57122EC1A2E100389BE5 /* XCRemoteSwiftPackageReference "SwiftyJSON" */;
			productName = SwiftyJSON;
		};
		C39A570B2EC1A8F200389BE5 /* OpenAI */ = {
			isa = XCSwiftPackageProductDependency;
			package = C39A57132EC1A2E100389BE5 /* XCRemoteSwiftPackageReference "OpenAI" */;
			productName = OpenAI;
		};
		C39A570C2EC1A8F200389BE5 /* Lottie */ = {
			isa = XCSwiftPackageProductDependency;
			package = C39A57142EC1A2E100389BE5 /* XCRemoteSwiftPackageReference "lottie-ios" */;
			productName = Lottie;
		};
		C39A570D2EC1A8F200389BE5 /* Kingfisher */ = {
			isa = XCSwiftPackageProductDependency;
			package = C39A57152EC1A2E100389BE5 /* XCRemoteSwiftPackageReference "Kingfisher" */;
			productName = Kingfisher;
		};
/* End XCSwiftPackageProductDependency section */
	};
	rootObject = C39A56002EBD923E00389BE5 /* Project object */;
}
